// !$*UTF8*$!
{
	archiveVersion = 1;
	classes = {
	};
	objectVersion = 55;
	objects = {

/* Begin PBXBuildFile section */
		F7FE8FB529533FE200986D37 /* AppDelegate.swift in Sources */ = {isa = PBXBuildFile; fileRef = F7FE8FB429533FE200986D37 /* AppDelegate.swift */; };
		F7FE8FB729533FE200986D37 /* SceneDelegate.swift in Sources */ = {isa = PBXBuildFile; fileRef = F7FE8FB629533FE200986D37 /* SceneDelegate.swift */; };
		F7FE8FB929533FE200986D37 /* HomeViewController.swift in Sources */ = {isa = PBXBuildFile; fileRef = F7FE8FB829533FE200986D37 /* HomeViewController.swift */; };
		F7FE8FBE29533FE400986D37 /* Assets.xcassets in Resources */ = {isa = PBXBuildFile; fileRef = F7FE8FBD29533FE400986D37 /* Assets.xcassets */; };
		F7FE8FC129533FE400986D37 /* LaunchScreen.storyboard in Resources */ = {isa = PBXBuildFile; fileRef = F7FE8FBF29533FE400986D37 /* LaunchScreen.storyboard */; };
		F7FE8FCA2953403100986D37 /* StoreKit.framework in Frameworks */ = {isa = PBXBuildFile; fileRef = F7FE8FC92953403100986D37 /* StoreKit.framework */; };
		F7FE8FD1295341E000986D37 /* ProfileViewController.swift in Sources */ = {isa = PBXBuildFile; fileRef = F7FE8FD0295341E000986D37 /* ProfileViewController.swift */; };
		F7FE8FD32953426300986D37 /* TabBarViewController.swift in Sources */ = {isa = PBXBuildFile; fileRef = F7FE8FD22953426300986D37 /* TabBarViewController.swift */; };
		F7FE8FD7295343E600986D37 /* ViewPostViewController.swift in Sources */ = {isa = PBXBuildFile; fileRef = F7FE8FD6295343E600986D37 /* ViewPostViewController.swift */; };
		F7FE8FD92953441B00986D37 /* CreateNewPostViewController.swift in Sources */ = {isa = PBXBuildFile; fileRef = F7FE8FD82953441B00986D37 /* CreateNewPostViewController.swift */; };
		F7FE8FDB2953444700986D37 /* IAPManager.swift in Sources */ = {isa = PBXBuildFile; fileRef = F7FE8FDA2953444700986D37 /* IAPManager.swift */; };
		F7FE8FDD2953445C00986D37 /* DatabaseManager.swift in Sources */ = {isa = PBXBuildFile; fileRef = F7FE8FDC2953445C00986D37 /* DatabaseManager.swift */; };
		F7FE8FDF295344A900986D37 /* AuthManager.swift in Sources */ = {isa = PBXBuildFile; fileRef = F7FE8FDE295344A900986D37 /* AuthManager.swift */; };
		F7FE8FE1295344B700986D37 /* StorageManager.swift in Sources */ = {isa = PBXBuildFile; fileRef = F7FE8FE0295344B700986D37 /* StorageManager.swift */; };
/* End PBXBuildFile section */

/* Begin PBXFileReference section */
		F7FE8FB129533FE200986D37 /* Blog.app */ = {isa = PBXFileReference; explicitFileType = wrapper.application; includeInIndex = 0; path = Blog.app; sourceTree = BUILT_PRODUCTS_DIR; };
		F7FE8FB429533FE200986D37 /* AppDelegate.swift */ = {isa = PBXFileReference; lastKnownFileType = sourcecode.swift; path = AppDelegate.swift; sourceTree = "<group>"; };
		F7FE8FB629533FE200986D37 /* SceneDelegate.swift */ = {isa = PBXFileReference; lastKnownFileType = sourcecode.swift; path = SceneDelegate.swift; sourceTree = "<group>"; };
		F7FE8FB829533FE200986D37 /* HomeViewController.swift */ = {isa = PBXFileReference; lastKnownFileType = sourcecode.swift; path = HomeViewController.swift; sourceTree = "<group>"; };
		F7FE8FBD29533FE400986D37 /* Assets.xcassets */ = {isa = PBXFileReference; lastKnownFileType = folder.assetcatalog; path = Assets.xcassets; sourceTree = "<group>"; };
		F7FE8FC029533FE400986D37 /* Base */ = {isa = PBXFileReference; lastKnownFileType = file.storyboard; name = Base; path = Base.lproj/LaunchScreen.storyboard; sourceTree = "<group>"; };
		F7FE8FC229533FE400986D37 /* Info.plist */ = {isa = PBXFileReference; lastKnownFileType = text.plist.xml; path = Info.plist; sourceTree = "<group>"; };
		F7FE8FC92953403100986D37 /* StoreKit.framework */ = {isa = PBXFileReference; lastKnownFileType = wrapper.framework; name = StoreKit.framework; path = System/Library/Frameworks/StoreKit.framework; sourceTree = SDKROOT; };
		F7FE8FD0295341E000986D37 /* ProfileViewController.swift */ = {isa = PBXFileReference; lastKnownFileType = sourcecode.swift; path = ProfileViewController.swift; sourceTree = "<group>"; };
		F7FE8FD22953426300986D37 /* TabBarViewController.swift */ = {isa = PBXFileReference; lastKnownFileType = sourcecode.swift; path = TabBarViewController.swift; sourceTree = "<group>"; };
		F7FE8FD6295343E600986D37 /* ViewPostViewController.swift */ = {isa = PBXFileReference; lastKnownFileType = sourcecode.swift; path = ViewPostViewController.swift; sourceTree = "<group>"; };
		F7FE8FD82953441B00986D37 /* CreateNewPostViewController.swift */ = {isa = PBXFileReference; lastKnownFileType = sourcecode.swift; path = CreateNewPostViewController.swift; sourceTree = "<group>"; };
		F7FE8FDA2953444700986D37 /* IAPManager.swift */ = {isa = PBXFileReference; lastKnownFileType = sourcecode.swift; path = IAPManager.swift; sourceTree = "<group>"; };
		F7FE8FDC2953445C00986D37 /* DatabaseManager.swift */ = {isa = PBXFileReference; lastKnownFileType = sourcecode.swift; path = DatabaseManager.swift; sourceTree = "<group>"; };
		F7FE8FDE295344A900986D37 /* AuthManager.swift */ = {isa = PBXFileReference; lastKnownFileType = sourcecode.swift; path = AuthManager.swift; sourceTree = "<group>"; };
		F7FE8FE0295344B700986D37 /* StorageManager.swift */ = {isa = PBXFileReference; lastKnownFileType = sourcecode.swift; path = StorageManager.swift; sourceTree = "<group>"; };
/* End PBXFileReference section */

/* Begin PBXFrameworksBuildPhase section */
		F7FE8FAE29533FE200986D37 /* Frameworks */ = {
			isa = PBXFrameworksBuildPhase;
			buildActionMask = 2147483647;
			files = (
				F7FE8FCA2953403100986D37 /* StoreKit.framework in Frameworks */,
			);
			runOnlyForDeploymentPostprocessing = 0;
		};
/* End PBXFrameworksBuildPhase section */

/* Begin PBXGroup section */
		F7FE8FA829533FE200986D37 = {
			isa = PBXGroup;
			children = (
				F7FE8FB329533FE200986D37 /* Blog */,
				F7FE8FB229533FE200986D37 /* Products */,
				F7FE8FC82953403100986D37 /* Frameworks */,
			);
			sourceTree = "<group>";
		};
		F7FE8FB229533FE200986D37 /* Products */ = {
			isa = PBXGroup;
			children = (
				F7FE8FB129533FE200986D37 /* Blog.app */,
			);
			name = Products;
			sourceTree = "<group>";
		};
		F7FE8FB329533FE200986D37 /* Blog */ = {
			isa = PBXGroup;
			children = (
				F7FE8FCF2953414300986D37 /* Managers */,
				F7FE8FCE2953413D00986D37 /* Others */,
				F7FE8FCD2953413400986D37 /* Controllers */,
				F7FE8FCC2953412F00986D37 /* Views */,
				F7FE8FCB2953412600986D37 /* Models */,
				F7FE8FBF29533FE400986D37 /* LaunchScreen.storyboard */,
				F7FE8FC229533FE400986D37 /* Info.plist */,
			);
			path = Blog;
			sourceTree = "<group>";
		};
		F7FE8FC82953403100986D37 /* Frameworks */ = {
			isa = PBXGroup;
			children = (
				F7FE8FC92953403100986D37 /* StoreKit.framework */,
			);
			name = Frameworks;
			sourceTree = "<group>";
		};
		F7FE8FCB2953412600986D37 /* Models */ = {
			isa = PBXGroup;
			children = (
			);
			path = Models;
			sourceTree = "<group>";
		};
		F7FE8FCC2953412F00986D37 /* Views */ = {
			isa = PBXGroup;
			children = (
			);
			path = Views;
			sourceTree = "<group>";
		};
		F7FE8FCD2953413400986D37 /* Controllers */ = {
			isa = PBXGroup;
			children = (
				F7FE8FE329534DF400986D37 /* Posts */,
				F7FE8FE229534D5400986D37 /* Core Tabs */,
			);
			path = Controllers;
			sourceTree = "<group>";
		};
		F7FE8FCE2953413D00986D37 /* Others */ = {
			isa = PBXGroup;
			children = (
				F7FE8FBD29533FE400986D37 /* Assets.xcassets */,
				F7FE8FB629533FE200986D37 /* SceneDelegate.swift */,
				F7FE8FB429533FE200986D37 /* AppDelegate.swift */,
			);
			path = Others;
			sourceTree = "<group>";
		};
		F7FE8FCF2953414300986D37 /* Managers */ = {
			isa = PBXGroup;
			children = (
				F7FE8FDA2953444700986D37 /* IAPManager.swift */,
				F7FE8FDC2953445C00986D37 /* DatabaseManager.swift */,
				F7FE8FDE295344A900986D37 /* AuthManager.swift */,
				F7FE8FE0295344B700986D37 /* StorageManager.swift */,
			);
			path = Managers;
			sourceTree = "<group>";
		};
		F7FE8FE229534D5400986D37 /* Core Tabs */ = {
			isa = PBXGroup;
			children = (
				F7FE8FB829533FE200986D37 /* HomeViewController.swift */,
				F7FE8FD0295341E000986D37 /* ProfileViewController.swift */,
				F7FE8FD22953426300986D37 /* TabBarViewController.swift */,
			);
			path = "Core Tabs";
			sourceTree = "<group>";
		};
		F7FE8FE329534DF400986D37 /* Posts */ = {
			isa = PBXGroup;
			children = (
				F7FE8FD6295343E600986D37 /* ViewPostViewController.swift */,
				F7FE8FD82953441B00986D37 /* CreateNewPostViewController.swift */,
			);
			path = Posts;
			sourceTree = "<group>";
		};
/* End PBXGroup section */

/* Begin PBXNativeTarget section */
		F7FE8FB029533FE200986D37 /* Blog */ = {
			isa = PBXNativeTarget;
			buildConfigurationList = F7FE8FC529533FE400986D37 /* Build configuration list for PBXNativeTarget "Blog" */;
			buildPhases = (
				F7FE8FAD29533FE200986D37 /* Sources */,
				F7FE8FAE29533FE200986D37 /* Frameworks */,
				F7FE8FAF29533FE200986D37 /* Resources */,
			);
			buildRules = (
			);
			dependencies = (
			);
			name = Blog;
			productName = Blog;
			productReference = F7FE8FB129533FE200986D37 /* Blog.app */;
			productType = "com.apple.product-type.application";
		};
/* End PBXNativeTarget section */

/* Begin PBXProject section */
		F7FE8FA929533FE200986D37 /* Project object */ = {
			isa = PBXProject;
			attributes = {
				BuildIndependentTargetsInParallel = 1;
				LastSwiftUpdateCheck = 1340;
				LastUpgradeCheck = 1340;
				TargetAttributes = {
					F7FE8FB029533FE200986D37 = {
						CreatedOnToolsVersion = 13.4.1;
					};
				};
			};
			buildConfigurationList = F7FE8FAC29533FE200986D37 /* Build configuration list for PBXProject "Blog" */;
			compatibilityVersion = "Xcode 13.0";
			developmentRegion = en;
			hasScannedForEncodings = 0;
			knownRegions = (
				en,
				Base,
			);
			mainGroup = F7FE8FA829533FE200986D37;
			productRefGroup = F7FE8FB229533FE200986D37 /* Products */;
			projectDirPath = "";
			projectRoot = "";
			targets = (
				F7FE8FB029533FE200986D37 /* Blog */,
			);
		};
/* End PBXProject section */

/* Begin PBXResourcesBuildPhase section */
		F7FE8FAF29533FE200986D37 /* Resources */ = {
			isa = PBXResourcesBuildPhase;
			buildActionMask = 2147483647;
			files = (
				F7FE8FC129533FE400986D37 /* LaunchScreen.storyboard in Resources */,
				F7FE8FBE29533FE400986D37 /* Assets.xcassets in Resources */,
			);
			runOnlyForDeploymentPostprocessing = 0;
		};
/* End PBXResourcesBuildPhase section */

/* Begin PBXSourcesBuildPhase section */
		F7FE8FAD29533FE200986D37 /* Sources */ = {
			isa = PBXSourcesBuildPhase;
			buildActionMask = 2147483647;
			files = (
				F7FE8FDB2953444700986D37 /* IAPManager.swift in Sources */,
				F7FE8FD7295343E600986D37 /* ViewPostViewController.swift in Sources */,
				F7FE8FE1295344B700986D37 /* StorageManager.swift in Sources */,
				F7FE8FB929533FE200986D37 /* HomeViewController.swift in Sources */,
				F7FE8FD92953441B00986D37 /* CreateNewPostViewController.swift in Sources */,
				F7FE8FB529533FE200986D37 /* AppDelegate.swift in Sources */,
				F7FE8FD1295341E000986D37 /* ProfileViewController.swift in Sources */,
				F7FE8FD32953426300986D37 /* TabBarViewController.swift in Sources */,
				F7FE8FB729533FE200986D37 /* SceneDelegate.swift in Sources */,
				F7FE8FDD2953445C00986D37 /* DatabaseManager.swift in Sources */,
				F7FE8FDF295344A900986D37 /* AuthManager.swift in Sources */,
			);
			runOnlyForDeploymentPostprocessing = 0;
		};
/* End PBXSourcesBuildPhase section */

/* Begin PBXVariantGroup section */
		F7FE8FBF29533FE400986D37 /* LaunchScreen.storyboard */ = {
			isa = PBXVariantGroup;
			children = (
				F7FE8FC029533FE400986D37 /* Base */,
			);
			name = LaunchScreen.storyboard;
			sourceTree = "<group>";
		};
/* End PBXVariantGroup section */

/* Begin XCBuildConfiguration section */
		F7FE8FC329533FE400986D37 /* Debug */ = {
			isa = XCBuildConfiguration;
			buildSettings = {
				ALWAYS_SEARCH_USER_PATHS = NO;
				CLANG_ANALYZER_NONNULL = YES;
				CLANG_ANALYZER_NUMBER_OBJECT_CONVERSION = YES_AGGRESSIVE;
				CLANG_CXX_LANGUAGE_STANDARD = "gnu++17";
				CLANG_ENABLE_MODULES = YES;
				CLANG_ENABLE_OBJC_ARC = YES;
				CLANG_ENABLE_OBJC_WEAK = YES;
				CLANG_WARN_BLOCK_CAPTURE_AUTORELEASING = YES;
				CLANG_WARN_BOOL_CONVERSION = YES;
				CLANG_WARN_COMMA = YES;
				CLANG_WARN_CONSTANT_CONVERSION = YES;
				CLANG_WARN_DEPRECATED_OBJC_IMPLEMENTATIONS = YES;
				CLANG_WARN_DIRECT_OBJC_ISA_USAGE = YES_ERROR;
				CLANG_WARN_DOCUMENTATION_COMMENTS = YES;
				CLANG_WARN_EMPTY_BODY = YES;
				CLANG_WARN_ENUM_CONVERSION = YES;
				CLANG_WARN_INFINITE_RECURSION = YES;
				CLANG_WARN_INT_CONVERSION = YES;
				CLANG_WARN_NON_LITERAL_NULL_CONVERSION = YES;
				CLANG_WARN_OBJC_IMPLICIT_RETAIN_SELF = YES;
				CLANG_WARN_OBJC_LITERAL_CONVERSION = YES;
				CLANG_WARN_OBJC_ROOT_CLASS = YES_ERROR;
				CLANG_WARN_QUOTED_INCLUDE_IN_FRAMEWORK_HEADER = YES;
				CLANG_WARN_RANGE_LOOP_ANALYSIS = YES;
				CLANG_WARN_STRICT_PROTOTYPES = YES;
				CLANG_WARN_SUSPICIOUS_MOVE = YES;
				CLANG_WARN_UNGUARDED_AVAILABILITY = YES_AGGRESSIVE;
				CLANG_WARN_UNREACHABLE_CODE = YES;
				CLANG_WARN__DUPLICATE_METHOD_MATCH = YES;
				COPY_PHASE_STRIP = NO;
				DEBUG_INFORMATION_FORMAT = dwarf;
				ENABLE_STRICT_OBJC_MSGSEND = YES;
				ENABLE_TESTABILITY = YES;
				GCC_C_LANGUAGE_STANDARD = gnu11;
				GCC_DYNAMIC_NO_PIC = NO;
				GCC_NO_COMMON_BLOCKS = YES;
				GCC_OPTIMIZATION_LEVEL = 0;
				GCC_PREPROCESSOR_DEFINITIONS = (
					"DEBUG=1",
					"$(inherited)",
				);
				GCC_WARN_64_TO_32_BIT_CONVERSION = YES;
				GCC_WARN_ABOUT_RETURN_TYPE = YES_ERROR;
				GCC_WARN_UNDECLARED_SELECTOR = YES;
				GCC_WARN_UNINITIALIZED_AUTOS = YES_AGGRESSIVE;
				GCC_WARN_UNUSED_FUNCTION = YES;
				GCC_WARN_UNUSED_VARIABLE = YES;
				IPHONEOS_DEPLOYMENT_TARGET = 15.5;
				MTL_ENABLE_DEBUG_INFO = INCLUDE_SOURCE;
				MTL_FAST_MATH = YES;
				ONLY_ACTIVE_ARCH = YES;
				SDKROOT = iphoneos;
				SWIFT_ACTIVE_COMPILATION_CONDITIONS = DEBUG;
				SWIFT_OPTIMIZATION_LEVEL = "-Onone";
			};
			name = Debug;
		};
		F7FE8FC429533FE400986D37 /* Release */ = {
			isa = XCBuildConfiguration;
			buildSettings = {
				ALWAYS_SEARCH_USER_PATHS = NO;
				CLANG_ANALYZER_NONNULL = YES;
				CLANG_ANALYZER_NUMBER_OBJECT_CONVERSION = YES_AGGRESSIVE;
				CLANG_CXX_LANGUAGE_STANDARD = "gnu++17";
				CLANG_ENABLE_MODULES = YES;
				CLANG_ENABLE_OBJC_ARC = YES;
				CLANG_ENABLE_OBJC_WEAK = YES;
				CLANG_WARN_BLOCK_CAPTURE_AUTORELEASING = YES;
				CLANG_WARN_BOOL_CONVERSION = YES;
				CLANG_WARN_COMMA = YES;
				CLANG_WARN_CONSTANT_CONVERSION = YES;
				CLANG_WARN_DEPRECATED_OBJC_IMPLEMENTATIONS = YES;
				CLANG_WARN_DIRECT_OBJC_ISA_USAGE = YES_ERROR;
				CLANG_WARN_DOCUMENTATION_COMMENTS = YES;
				CLANG_WARN_EMPTY_BODY = YES;
				CLANG_WARN_ENUM_CONVERSION = YES;
				CLANG_WARN_INFINITE_RECURSION = YES;
				CLANG_WARN_INT_CONVERSION = YES;
				CLANG_WARN_NON_LITERAL_NULL_CONVERSION = YES;
				CLANG_WARN_OBJC_IMPLICIT_RETAIN_SELF = YES;
				CLANG_WARN_OBJC_LITERAL_CONVERSION = YES;
				CLANG_WARN_OBJC_ROOT_CLASS = YES_ERROR;
				CLANG_WARN_QUOTED_INCLUDE_IN_FRAMEWORK_HEADER = YES;
				CLANG_WARN_RANGE_LOOP_ANALYSIS = YES;
				CLANG_WARN_STRICT_PROTOTYPES = YES;
				CLANG_WARN_SUSPICIOUS_MOVE = YES;
				CLANG_WARN_UNGUARDED_AVAILABILITY = YES_AGGRESSIVE;
				CLANG_WARN_UNREACHABLE_CODE = YES;
				CLANG_WARN__DUPLICATE_METHOD_MATCH = YES;
				COPY_PHASE_STRIP = NO;
				DEBUG_INFORMATION_FORMAT = "dwarf-with-dsym";
				ENABLE_NS_ASSERTIONS = NO;
				ENABLE_STRICT_OBJC_MSGSEND = YES;
				GCC_C_LANGUAGE_STANDARD = gnu11;
				GCC_NO_COMMON_BLOCKS = YES;
				GCC_WARN_64_TO_32_BIT_CONVERSION = YES;
				GCC_WARN_ABOUT_RETURN_TYPE = YES_ERROR;
				GCC_WARN_UNDECLARED_SELECTOR = YES;
				GCC_WARN_UNINITIALIZED_AUTOS = YES_AGGRESSIVE;
				GCC_WARN_UNUSED_FUNCTION = YES;
				GCC_WARN_UNUSED_VARIABLE = YES;
				IPHONEOS_DEPLOYMENT_TARGET = 15.5;
				MTL_ENABLE_DEBUG_INFO = NO;
				MTL_FAST_MATH = YES;
				SDKROOT = iphoneos;
				SWIFT_COMPILATION_MODE = wholemodule;
				SWIFT_OPTIMIZATION_LEVEL = "-O";
				VALIDATE_PRODUCT = YES;
			};
			name = Release;
		};
		F7FE8FC629533FE400986D37 /* Debug */ = {
			isa = XCBuildConfiguration;
			buildSettings = {
				ASSETCATALOG_COMPILER_APPICON_NAME = AppIcon;
				ASSETCATALOG_COMPILER_GLOBAL_ACCENT_COLOR_NAME = AccentColor;
				CODE_SIGN_STYLE = Automatic;
				CURRENT_PROJECT_VERSION = 1;
				GENERATE_INFOPLIST_FILE = YES;
				INFOPLIST_FILE = Blog/Info.plist;
				INFOPLIST_KEY_UIApplicationSupportsIndirectInputEvents = YES;
				INFOPLIST_KEY_UILaunchStoryboardName = LaunchScreen;
				INFOPLIST_KEY_UISupportedInterfaceOrientations = UIInterfaceOrientationPortrait;
				INFOPLIST_KEY_UISupportedInterfaceOrientations_iPad = "UIInterfaceOrientationPortrait UIInterfaceOrientationPortraitUpsideDown UIInterfaceOrientationLandscapeLeft UIInterfaceOrientationLandscapeRight";
				INFOPLIST_KEY_UISupportedInterfaceOrientations_iPhone = "UIInterfaceOrientationPortrait UIInterfaceOrientationLandscapeLeft UIInterfaceOrientationLandscapeRight";
				IPHONEOS_DEPLOYMENT_TARGET = 13.5;
				LD_RUNPATH_SEARCH_PATHS = (
					"$(inherited)",
					"@executable_path/Frameworks",
				);
				MARKETING_VERSION = 1.0;
				PRODUCT_BUNDLE_IDENTIFIER = seoyoung.Blog;
				PRODUCT_NAME = "$(TARGET_NAME)";
				SWIFT_EMIT_LOC_STRINGS = YES;
				SWIFT_VERSION = 5.0;
				TARGETED_DEVICE_FAMILY = 1;
			};
			name = Debug;
		};
		F7FE8FC729533FE400986D37 /* Release */ = {
			isa = XCBuildConfiguration;
			buildSettings = {
				ASSETCATALOG_COMPILER_APPICON_NAME = AppIcon;
				ASSETCATALOG_COMPILER_GLOBAL_ACCENT_COLOR_NAME = AccentColor;
				CODE_SIGN_STYLE = Automatic;
				CURRENT_PROJECT_VERSION = 1;
				GENERATE_INFOPLIST_FILE = YES;
				INFOPLIST_FILE = Blog/Info.plist;
				INFOPLIST_KEY_UIApplicationSupportsIndirectInputEvents = YES;
				INFOPLIST_KEY_UILaunchStoryboardName = LaunchScreen;
				INFOPLIST_KEY_UISupportedInterfaceOrientations = UIInterfaceOrientationPortrait;
				INFOPLIST_KEY_UISupportedInterfaceOrientations_iPad = "UIInterfaceOrientationPortrait UIInterfaceOrientationPortraitUpsideDown UIInterfaceOrientationLandscapeLeft UIInterfaceOrientationLandscapeRight";
				INFOPLIST_KEY_UISupportedInterfaceOrientations_iPhone = "UIInterfaceOrientationPortrait UIInterfaceOrientationLandscapeLeft UIInterfaceOrientationLandscapeRight";
				IPHONEOS_DEPLOYMENT_TARGET = 13.5;
				LD_RUNPATH_SEARCH_PATHS = (
					"$(inherited)",
					"@executable_path/Frameworks",
				);
				MARKETING_VERSION = 1.0;
				PRODUCT_BUNDLE_IDENTIFIER = seoyoung.Blog;
				PRODUCT_NAME = "$(TARGET_NAME)";
				SWIFT_EMIT_LOC_STRINGS = YES;
				SWIFT_VERSION = 5.0;
				TARGETED_DEVICE_FAMILY = 1;
			};
			name = Release;
		};
/* End XCBuildConfiguration section */

/* Begin XCConfigurationList section */
		F7FE8FAC29533FE200986D37 /* Build configuration list for PBXProject "Blog" */ = {
			isa = XCConfigurationList;
			buildConfigurations = (
				F7FE8FC329533FE400986D37 /* Debug */,
				F7FE8FC429533FE400986D37 /* Release */,
			);
			defaultConfigurationIsVisible = 0;
			defaultConfigurationName = Release;
		};
		F7FE8FC529533FE400986D37 /* Build configuration list for PBXNativeTarget "Blog" */ = {
			isa = XCConfigurationList;
			buildConfigurations = (
				F7FE8FC629533FE400986D37 /* Debug */,
				F7FE8FC729533FE400986D37 /* Release */,
			);
			defaultConfigurationIsVisible = 0;
			defaultConfigurationName = Release;
		};
/* End XCConfigurationList section */
	};
	rootObject = F7FE8FA929533FE200986D37 /* Project object */;
}
